
Microsoft Visual Studio Solution File, Format Version 12.00
# Visual Studio Version 16
VisualStudioVersion = 16.0.30309.148
MinimumVisualStudioVersion = 10.0.40219.1
Project("{FAE04EC0-301F-11D3-BF4B-00C04F79EFBC}") = "ADBHelper", "ADBHelper\ADBHelper.csproj", "{146652A2-9667-4DD6-98FF-1DC9EA4557DB}"
EndProject
Global
	GlobalSection(SolutionConfigurationPlatforms) = preSolution
		Debug|Any CPU = Debug|Any CPU
		Release|Any CPU = Release|Any CPU
	EndGlobalSection
	GlobalSection(ProjectConfigurationPlatforms) = postSolution
		{146652A2-9667-4DD6-98FF-1DC9EA4557DB}.Debug|Any CPU.ActiveCfg = Debug|Any CPU
		{146652A2-9667-4DD6-98FF-1DC9EA4557DB}.Debug|Any CPU.Build.0 = Debug|Any CPU
		{146652A2-9667-4DD6-98FF-1DC9EA4557DB}.Release|Any CPU.ActiveCfg = Release|Any CPU
		{146652A2-9667-4DD6-98FF-1DC9EA4557DB}.Release|Any CPU.Build.0 = Release|Any CPU
	EndGlobalSection
	GlobalSection(SolutionProperties) = preSolution
		HideSolutionNode = FALSE
	EndGlobalSection
	GlobalSection(ExtensibilityGlobals) = postSolution
		SolutionGuid = {0A711825-EF80-4AD1-83E8-D0B4F61C7EE2}
	EndGlobalSection
EndGlobal
